Microsoft Visual Studio Solution File, Format Version 11.00
# Visual Studio 2010
Project("{2081ED44-6CE6-E318-22F0-84A872A06485}") = "SoundSeparation", "SoundSeparation.vcxproj", "{B9A618CD-F96A-FD58-E733-0ABBCEB7E230}"
EndProject
Global
	GlobalSection(SolutionConfigurationPlatforms) = preSolution
		Debug|Win32 = Debug|Win32
		Release|Win32 = Release|Win32
	EndGlobalSection
	GlobalSection(ProjectConfigurationPlatforms) = postSolution
		{B9A618CD-F96A-FD58-E733-0ABBCEB7E230}.Debug|Win32.ActiveCfg = Debug|Win32
		{B9A618CD-F96A-FD58-E733-0ABBCEB7E230}.Debug|Win32.Build.0 = Debug|Win32
		{B9A618CD-F96A-FD58-E733-0ABBCEB7E230}.Release|Win32.ActiveCfg = Release|Win32
		{B9A618CD-F96A-FD58-E733-0ABBCEB7E230}.Release|Win32.Build.0 = Release|Win32
	EndGlobalSection
	GlobalSection(SolutionProperties) = preSolution
		HideSolutionNode = FALSE
	EndGlobalSection
EndGlobal
